
Microsoft Visual Studio Solution File, Format Version 12.00
# Visual Studio Version 16
VisualStudioVersion = 16.0.29509.3
MinimumVisualStudioVersion = 10.0.40219.1
Project("{FAE04EC0-301F-11D3-BF4B-00C04F79EFBC}") = "JavascriptLearning", "JavascriptLearning.csproj", "{DAB6C165-3EA9-4092-9A26-C3686FA4C7C1}"
EndProject
Global
	GlobalSection(SolutionConfigurationPlatforms) = preSolution
		Debug|Any CPU = Debug|Any CPU
		Release|Any CPU = Release|Any CPU
	EndGlobalSection
	GlobalSection(ProjectConfigurationPlatforms) = postSolution
		{DAB6C165-3EA9-4092-9A26-C3686FA4C7C1}.Debug|Any CPU.ActiveCfg = Debug|Any CPU
		{DAB6C165-3EA9-4092-9A26-C3686FA4C7C1}.Debug|Any CPU.Build.0 = Debug|Any CPU
		{DAB6C165-3EA9-4092-9A26-C3686FA4C7C1}.Release|Any CPU.ActiveCfg = Release|Any CPU
		{DAB6C165-3EA9-4092-9A26-C3686FA4C7C1}.Release|Any CPU.Build.0 = Release|Any CPU
	EndGlobalSection
	GlobalSection(SolutionProperties) = preSolution
		HideSolutionNode = FALSE
	EndGlobalSection
	GlobalSection(ExtensibilityGlobals) = postSolution
		SolutionGuid = {E3CB992D-9C8A-4234-AC92-76F42F983F98}
	EndGlobalSection
EndGlobal
